
Microsoft Visual Studio Solution File, Format Version 12.00
# Visual Studio Version 17
VisualStudioVersion = 17.1.32328.378
MinimumVisualStudioVersion = 10.0.40219.1
Project("{2150E333-8FDC-42A3-9474-1A3956D46DE8}") = "Services", "Services", "{483BE85C-253E-4870-98A5-03D7143CA928}"
EndProject
Project("{9A19103F-16F7-4668-BE54-9A1E7A4F7556}") = "Mango.Services.ProductAPI", "Mango.Services.ProductAPI\Mango.Services.ProductAPI.csproj", "{9D7D53CE-AFF5-4CB9-A51A-A406C51E154F}"
EndProject
Project("{2150E333-8FDC-42A3-9474-1A3956D46DE8}") = "FrontEnd", "FrontEnd", "{B9D83E31-9CC3-4FE2-86EE-BDC88DEA793F}"
EndProject
Project("{9A19103F-16F7-4668-BE54-9A1E7A4F7556}") = "Mango.Web", "Mango.Web\Mango.Web.csproj", "{E1DD317A-141B-4D2F-8502-89B8CCA7328F}"
EndProject
Project("{9A19103F-16F7-4668-BE54-9A1E7A4F7556}") = "Mango.Services.Identity", "Mango.Services.Identity\Mango.Services.Identity.csproj", "{98022FB5-A9FA-4A2B-8A9B-F81B39C29B79}"
EndProject
Project("{9A19103F-16F7-4668-BE54-9A1E7A4F7556}") = "Mango.Services.ShoppingCartAPI", "Mango.Services.ShoppingCartAPI\Mango.Services.ShoppingCartAPI.csproj", "{0DBF8DDD-5E2D-4396-BB8A-8D870EB05C77}"
EndProject
Project("{9A19103F-16F7-4668-BE54-9A1E7A4F7556}") = "Mango.Services.CouponAPI", "Mango.Services.CouponAPI\Mango.Services.CouponAPI.csproj", "{F8F9415A-4665-4285-86D6-F02063ACD9DE}"
EndProject
Project("{2150E333-8FDC-42A3-9474-1A3956D46DE8}") = "Integration", "Integration", "{250AFD83-37D4-4BB3-8F80-BF44704CA682}"
EndProject
Project("{9A19103F-16F7-4668-BE54-9A1E7A4F7556}") = "Mango.MessageBus", "Mango.MessageBus\Mango.MessageBus.csproj", "{7ACC4B7F-EF98-45D8-BE1C-6DB70E089D92}"
EndProject
Project("{9A19103F-16F7-4668-BE54-9A1E7A4F7556}") = "Mango.Services.OrderAPI", "Mango.Services.OrderAPI\Mango.Services.OrderAPI.csproj", "{99854166-104C-4ED1-A273-2D33CD1C51ED}"
EndProject
Project("{2150E333-8FDC-42A3-9474-1A3956D46DE8}") = "Payments", "Payments", "{10932FCB-3F96-4EE3-9EE2-77A98BCAF2CD}"
EndProject
Project("{9A19103F-16F7-4668-BE54-9A1E7A4F7556}") = "PaymentProcessor", "PaymentProcessor\PaymentProcessor.csproj", "{60BE978E-A059-4F39-A4A0-FC2D499FAAF3}"
EndProject
Project("{9A19103F-16F7-4668-BE54-9A1E7A4F7556}") = "Mango.Services.PaymentAPI", "Mango.Services.PaymentAPI\Mango.Services.PaymentAPI.csproj", "{ACE2447B-6FA8-4409-81CB-28E140B03FB3}"
EndProject
Project("{FAE04EC0-301F-11D3-BF4B-00C04F79EFBC}") = "Mango.Services.Email", "Mango.Services.Email\Mango.Services.Email.csproj", "{4B8465D9-10BB-40A3-8FA3-118CF0CAB8C0}"
EndProject
Project("{2150E333-8FDC-42A3-9474-1A3956D46DE8}") = "Gateway", "Gateway", "{770B061B-34C1-47B1-9910-59CCA2EC23EA}"
EndProject
Project("{FAE04EC0-301F-11D3-BF4B-00C04F79EFBC}") = "Mango.GetewaySolution", "Mango.GetewaySolution\Mango.GetewaySolution.csproj", "{BA80EFF0-5ECF-4E68-A5F3-4473345D6C99}"
EndProject
Global
	GlobalSection(SolutionConfigurationPlatforms) = preSolution
		Debug|Any CPU = Debug|Any CPU
		Release|Any CPU = Release|Any CPU
	EndGlobalSection
	GlobalSection(ProjectConfigurationPlatforms) = postSolution
		{9D7D53CE-AFF5-4CB9-A51A-A406C51E154F}.Debug|Any CPU.ActiveCfg = Debug|Any CPU
		{9D7D53CE-AFF5-4CB9-A51A-A406C51E154F}.Debug|Any CPU.Build.0 = Debug|Any CPU
		{9D7D53CE-AFF5-4CB9-A51A-A406C51E154F}.Release|Any CPU.ActiveCfg = Release|Any CPU
		{9D7D53CE-AFF5-4CB9-A51A-A406C51E154F}.Release|Any CPU.Build.0 = Release|Any CPU
		{E1DD317A-141B-4D2F-8502-89B8CCA7328F}.Debug|Any CPU.ActiveCfg = Debug|Any CPU
		{E1DD317A-141B-4D2F-8502-89B8CCA7328F}.Debug|Any CPU.Build.0 = Debug|Any CPU
		{E1DD317A-141B-4D2F-8502-89B8CCA7328F}.Release|Any CPU.ActiveCfg = Release|Any CPU
		{E1DD317A-141B-4D2F-8502-89B8CCA7328F}.Release|Any CPU.Build.0 = Release|Any CPU
		{98022FB5-A9FA-4A2B-8A9B-F81B39C29B79}.Debug|Any CPU.ActiveCfg = Debug|Any CPU
		{98022FB5-A9FA-4A2B-8A9B-F81B39C29B79}.Debug|Any CPU.Build.0 = Debug|Any CPU
		{98022FB5-A9FA-4A2B-8A9B-F81B39C29B79}.Release|Any CPU.ActiveCfg = Release|Any CPU
		{98022FB5-A9FA-4A2B-8A9B-F81B39C29B79}.Release|Any CPU.Build.0 = Release|Any CPU
		{0DBF8DDD-5E2D-4396-BB8A-8D870EB05C77}.Debug|Any CPU.ActiveCfg = Debug|Any CPU
		{0DBF8DDD-5E2D-4396-BB8A-8D870EB05C77}.Debug|Any CPU.Build.0 = Debug|Any CPU
		{0DBF8DDD-5E2D-4396-BB8A-8D870EB05C77}.Release|Any CPU.ActiveCfg = Release|Any CPU
		{0DBF8DDD-5E2D-4396-BB8A-8D870EB05C77}.Release|Any CPU.Build.0 = Release|Any CPU
		{F8F9415A-4665-4285-86D6-F02063ACD9DE}.Debug|Any CPU.ActiveCfg = Debug|Any CPU
		{F8F9415A-4665-4285-86D6-F02063ACD9DE}.Debug|Any CPU.Build.0 = Debug|Any CPU
		{F8F9415A-4665-4285-86D6-F02063ACD9DE}.Release|Any CPU.ActiveCfg = Release|Any CPU
		{F8F9415A-4665-4285-86D6-F02063ACD9DE}.Release|Any CPU.Build.0 = Release|Any CPU
		{7ACC4B7F-EF98-45D8-BE1C-6DB70E089D92}.Debug|Any CPU.ActiveCfg = Debug|Any CPU
		{7ACC4B7F-EF98-45D8-BE1C-6DB70E089D92}.Debug|Any CPU.Build.0 = Debug|Any CPU
		{7ACC4B7F-EF98-45D8-BE1C-6DB70E089D92}.Release|Any CPU.ActiveCfg = Release|Any CPU
		{7ACC4B7F-EF98-45D8-BE1C-6DB70E089D92}.Release|Any CPU.Build.0 = Release|Any CPU
		{99854166-104C-4ED1-A273-2D33CD1C51ED}.Debug|Any CPU.ActiveCfg = Debug|Any CPU
		{99854166-104C-4ED1-A273-2D33CD1C51ED}.Debug|Any CPU.Build.0 = Debug|Any CPU
		{99854166-104C-4ED1-A273-2D33CD1C51ED}.Release|Any CPU.ActiveCfg = Release|Any CPU
		{99854166-104C-4ED1-A273-2D33CD1C51ED}.Release|Any CPU.Build.0 = Release|Any CPU
		{60BE978E-A059-4F39-A4A0-FC2D499FAAF3}.Debug|Any CPU.ActiveCfg = Debug|Any CPU
		{60BE978E-A059-4F39-A4A0-FC2D499FAAF3}.Debug|Any CPU.Build.0 = Debug|Any CPU
		{60BE978E-A059-4F39-A4A0-FC2D499FAAF3}.Release|Any CPU.ActiveCfg = Release|Any CPU
		{60BE978E-A059-4F39-A4A0-FC2D499FAAF3}.Release|Any CPU.Build.0 = Release|Any CPU
		{ACE2447B-6FA8-4409-81CB-28E140B03FB3}.Debug|Any CPU.ActiveCfg = Debug|Any CPU
		{ACE2447B-6FA8-4409-81CB-28E140B03FB3}.Debug|Any CPU.Build.0 = Debug|Any CPU
		{ACE2447B-6FA8-4409-81CB-28E140B03FB3}.Release|Any CPU.ActiveCfg = Release|Any CPU
		{ACE2447B-6FA8-4409-81CB-28E140B03FB3}.Release|Any CPU.Build.0 = Release|Any CPU
		{4B8465D9-10BB-40A3-8FA3-118CF0CAB8C0}.Debug|Any CPU.ActiveCfg = Debug|Any CPU
		{4B8465D9-10BB-40A3-8FA3-118CF0CAB8C0}.Debug|Any CPU.Build.0 = Debug|Any CPU
		{4B8465D9-10BB-40A3-8FA3-118CF0CAB8C0}.Release|Any CPU.ActiveCfg = Release|Any CPU
		{4B8465D9-10BB-40A3-8FA3-118CF0CAB8C0}.Release|Any CPU.Build.0 = Release|Any CPU
		{BA80EFF0-5ECF-4E68-A5F3-4473345D6C99}.Debug|Any CPU.ActiveCfg = Debug|Any CPU
		{BA80EFF0-5ECF-4E68-A5F3-4473345D6C99}.Debug|Any CPU.Build.0 = Debug|Any CPU
		{BA80EFF0-5ECF-4E68-A5F3-4473345D6C99}.Release|Any CPU.ActiveCfg = Release|Any CPU
		{BA80EFF0-5ECF-4E68-A5F3-4473345D6C99}.Release|Any CPU.Build.0 = Release|Any CPU
	EndGlobalSection
	GlobalSection(SolutionProperties) = preSolution
		HideSolutionNode = FALSE
	EndGlobalSection
	GlobalSection(NestedProjects) = preSolution
		{9D7D53CE-AFF5-4CB9-A51A-A406C51E154F} = {483BE85C-253E-4870-98A5-03D7143CA928}
		{E1DD317A-141B-4D2F-8502-89B8CCA7328F} = {B9D83E31-9CC3-4FE2-86EE-BDC88DEA793F}
		{98022FB5-A9FA-4A2B-8A9B-F81B39C29B79} = {483BE85C-253E-4870-98A5-03D7143CA928}
		{0DBF8DDD-5E2D-4396-BB8A-8D870EB05C77} = {483BE85C-253E-4870-98A5-03D7143CA928}
		{F8F9415A-4665-4285-86D6-F02063ACD9DE} = {483BE85C-253E-4870-98A5-03D7143CA928}
		{7ACC4B7F-EF98-45D8-BE1C-6DB70E089D92} = {250AFD83-37D4-4BB3-8F80-BF44704CA682}
		{99854166-104C-4ED1-A273-2D33CD1C51ED} = {483BE85C-253E-4870-98A5-03D7143CA928}
		{60BE978E-A059-4F39-A4A0-FC2D499FAAF3} = {10932FCB-3F96-4EE3-9EE2-77A98BCAF2CD}
		{ACE2447B-6FA8-4409-81CB-28E140B03FB3} = {483BE85C-253E-4870-98A5-03D7143CA928}
		{4B8465D9-10BB-40A3-8FA3-118CF0CAB8C0} = {483BE85C-253E-4870-98A5-03D7143CA928}
		{BA80EFF0-5ECF-4E68-A5F3-4473345D6C99} = {770B061B-34C1-47B1-9910-59CCA2EC23EA}
	EndGlobalSection
	GlobalSection(ExtensibilityGlobals) = postSolution
		SolutionGuid = {B324EBEE-0DC0-4412-926F-CA758B0114B9}
	EndGlobalSection
EndGlobal
